
Microsoft Visual Studio Solution File, Format Version 12.00
# Visual Studio Version 16
VisualStudioVersion = 16.0.29911.84
MinimumVisualStudioVersion = 10.0.40219.1
Project("{F184B08F-C81C-45F6-A57F-5ABD9991F28F}") = "Año Bisiesto", "Año_bisiesto\Año Bisiesto.vbproj", "{06D67D49-D864-4F52-989A-CA8F43B00F19}"
EndProject
Global
	GlobalSection(SolutionConfigurationPlatforms) = preSolution
		Debug|Any CPU = Debug|Any CPU
		Release|Any CPU = Release|Any CPU
	EndGlobalSection
	GlobalSection(ProjectConfigurationPlatforms) = postSolution
		{06D67D49-D864-4F52-989A-CA8F43B00F19}.Debug|Any CPU.ActiveCfg = Debug|Any CPU
		{06D67D49-D864-4F52-989A-CA8F43B00F19}.Debug|Any CPU.Build.0 = Debug|Any CPU
		{06D67D49-D864-4F52-989A-CA8F43B00F19}.Release|Any CPU.ActiveCfg = Release|Any CPU
		{06D67D49-D864-4F52-989A-CA8F43B00F19}.Release|Any CPU.Build.0 = Release|Any CPU
	EndGlobalSection
	GlobalSection(SolutionProperties) = preSolution
		HideSolutionNode = FALSE
	EndGlobalSection
	GlobalSection(ExtensibilityGlobals) = postSolution
		SolutionGuid = {3F1C5D0E-1AE4-4B5B-A474-E3F45140F30B}
	EndGlobalSection
EndGlobal
